// !$*UTF8*$!
{
	archiveVersion = 1;
	classes = {
	};
	objectVersion = 46;
	objects = {

/* Begin PBXBuildFile section */
		5D3C80A919686E27003B9E65 /* tasksForTest.plist in Resources */ = {isa = PBXBuildFile; fileRef = 5D3C80A819686E27003B9E65 /* tasksForTest.plist */; };
		5D473C071987AE870043680A /* AudioToolbox.framework in Frameworks */ = {isa = PBXBuildFile; fileRef = 5D473C061987AE870043680A /* AudioToolbox.framework */; };
		5D473C091987AE900043680A /* CFNetwork.framework in Frameworks */ = {isa = PBXBuildFile; fileRef = 5D473C081987AE900043680A /* CFNetwork.framework */; };
		5D473C0B1987AEAD0043680A /* CoreLocation.framework in Frameworks */ = {isa = PBXBuildFile; fileRef = 5D473C0A1987AEAD0043680A /* CoreLocation.framework */; };
		5D473C0D1987AF000043680A /* libz.dylib in Frameworks */ = {isa = PBXBuildFile; fileRef = 5D473C0C1987AF000043680A /* libz.dylib */; };
		5D473C0E1987AF0D0043680A /* MobileCoreServices.framework in Frameworks */ = {isa = PBXBuildFile; fileRef = 5DC6E086196D5AE200CDAF12 /* MobileCoreServices.framework */; };
		5D473C101987AF1A0043680A /* QuartzCore.framework in Frameworks */ = {isa = PBXBuildFile; fileRef = 5D473C0F1987AF1A0043680A /* QuartzCore.framework */; };
		5D473C121987AF250043680A /* Security.framework in Frameworks */ = {isa = PBXBuildFile; fileRef = 5D473C111987AF250043680A /* Security.framework */; };
		5D473C151987AF3E0043680A /* SystemConfiguration.framework in Frameworks */ = {isa = PBXBuildFile; fileRef = 5DC6E088196D5AF100CDAF12 /* SystemConfiguration.framework */; };
		5D473C18198B9E2B0043680A /* SDDUser.m in Sources */ = {isa = PBXBuildFile; fileRef = 5D473C17198B9E2B0043680A /* SDDUser.m */; };
		5D8404A2196E70AF00ABC26C /* SDDLocationReport.m in Sources */ = {isa = PBXBuildFile; fileRef = 5D8404A1196E70AF00ABC26C /* SDDLocationReport.m */; };
		5DBD2B12196DC5D600A99272 /* XCTest.framework in Frameworks */ = {isa = PBXBuildFile; fileRef = 5DC9482A1966790D009DF379 /* XCTest.framework */; };
		5DBD2B13196DC5D600A99272 /* Foundation.framework in Frameworks */ = {isa = PBXBuildFile; fileRef = 5DC948081966790D009DF379 /* Foundation.framework */; };
		5DBD2B14196DC5D600A99272 /* UIKit.framework in Frameworks */ = {isa = PBXBuildFile; fileRef = 5DC9480C1966790D009DF379 /* UIKit.framework */; };
		5DBD2B1A196DC5D600A99272 /* InfoPlist.strings in Resources */ = {isa = PBXBuildFile; fileRef = 5DBD2B18196DC5D600A99272 /* InfoPlist.strings */; };
		5DBD2B1C196DC5D600A99272 /* SuperDDTests.m in Sources */ = {isa = PBXBuildFile; fileRef = 5DBD2B1B196DC5D600A99272 /* SuperDDTests.m */; };
		5DBD2B26196DD22800A99272 /* published_tasks.json in Resources */ = {isa = PBXBuildFile; fileRef = 5DBD2B25196DD22800A99272 /* published_tasks.json */; };
		5DBD2B29196E328300A99272 /* UIAlertView+SDD.m in Sources */ = {isa = PBXBuildFile; fileRef = 5DBD2B28196E328300A99272 /* UIAlertView+SDD.m */; };
		5DC948091966790D009DF379 /* Foundation.framework in Frameworks */ = {isa = PBXBuildFile; fileRef = 5DC948081966790D009DF379 /* Foundation.framework */; };
		5DC9480B1966790D009DF379 /* CoreGraphics.framework in Frameworks */ = {isa = PBXBuildFile; fileRef = 5DC9480A1966790D009DF379 /* CoreGraphics.framework */; };
		5DC9480D1966790D009DF379 /* UIKit.framework in Frameworks */ = {isa = PBXBuildFile; fileRef = 5DC9480C1966790D009DF379 /* UIKit.framework */; };
		5DC948131966790D009DF379 /* InfoPlist.strings in Resources */ = {isa = PBXBuildFile; fileRef = 5DC948111966790D009DF379 /* InfoPlist.strings */; };
		5DC948151966790D009DF379 /* main.m in Sources */ = {isa = PBXBuildFile; fileRef = 5DC948141966790D009DF379 /* main.m */; };
		5DC948191966790D009DF379 /* SDDAppDelegate.m in Sources */ = {isa = PBXBuildFile; fileRef = 5DC948181966790D009DF379 /* SDDAppDelegate.m */; };
		5DC9481C1966790D009DF379 /* Main.storyboard in Resources */ = {isa = PBXBuildFile; fileRef = 5DC9481A1966790D009DF379 /* Main.storyboard */; };
		5DC9481F1966790D009DF379 /* SDDMasterViewController.m in Sources */ = {isa = PBXBuildFile; fileRef = 5DC9481E1966790D009DF379 /* SDDMasterViewController.m */; };
		5DC948221966790D009DF379 /* SDDDetailViewController.m in Sources */ = {isa = PBXBuildFile; fileRef = 5DC948211966790D009DF379 /* SDDDetailViewController.m */; };
		5DC948241966790D009DF379 /* Images.xcassets in Resources */ = {isa = PBXBuildFile; fileRef = 5DC948231966790D009DF379 /* Images.xcassets */; };
		5DC9484119668B7F009DF379 /* tasks.plist in Resources */ = {isa = PBXBuildFile; fileRef = 5DC9484019668B7F009DF379 /* tasks.plist */; };
		5DC948451966B6C3009DF379 /* SDDTask.m in Sources */ = {isa = PBXBuildFile; fileRef = 5DC948441966B6C3009DF379 /* SDDTask.m */; };
		5DE88DEF196A381A004713DF /* Settings.bundle in Resources */ = {isa = PBXBuildFile; fileRef = 5DE88DEE196A381A004713DF /* Settings.bundle */; };
		5DF5B129196D031500129BF4 /* published.json in Resources */ = {isa = PBXBuildFile; fileRef = 5DF5B128196D031500129BF4 /* published.json */; };
		6B6162DCAB754E5493B0EE71 /* libPods-SuperDDTests.a in Frameworks */ = {isa = PBXBuildFile; fileRef = 9C210377BCE64D279032FE7D /* libPods-SuperDDTests.a */; };
		AE9C1169FF484384B6443A9F /* libPods.a in Frameworks */ = {isa = PBXBuildFile; fileRef = 6C7C7865EAC94F05B6AB5802 /* libPods.a */; };
/* End PBXBuildFile section */

/* Begin PBXContainerItemProxy section */
		5DBD2B1E196DC5D600A99272 /* PBXContainerItemProxy */ = {
			isa = PBXContainerItemProxy;
			containerPortal = 5DC947FD1966790D009DF379 /* Project object */;
			proxyType = 1;
			remoteGlobalIDString = 5DC948041966790D009DF379;
			remoteInfo = SuperDD;
		};
/* End PBXContainerItemProxy section */

/* Begin PBXFileReference section */
		5D3C80A819686E27003B9E65 /* tasksForTest.plist */ = {isa = PBXFileReference; fileEncoding = 4; lastKnownFileType = text.plist.xml; path = tasksForTest.plist; sourceTree = "<group>"; };
		5D473C061987AE870043680A /* AudioToolbox.framework */ = {isa = PBXFileReference; lastKnownFileType = wrapper.framework; name = AudioToolbox.framework; path = System/Library/Frameworks/AudioToolbox.framework; sourceTree = SDKROOT; };
		5D473C081987AE900043680A /* CFNetwork.framework */ = {isa = PBXFileReference; lastKnownFileType = wrapper.framework; name = CFNetwork.framework; path = System/Library/Frameworks/CFNetwork.framework; sourceTree = SDKROOT; };
		5D473C0A1987AEAD0043680A /* CoreLocation.framework */ = {isa = PBXFileReference; lastKnownFileType = wrapper.framework; name = CoreLocation.framework; path = System/Library/Frameworks/CoreLocation.framework; sourceTree = SDKROOT; };
		5D473C0C1987AF000043680A /* libz.dylib */ = {isa = PBXFileReference; lastKnownFileType = "compiled.mach-o.dylib"; name = libz.dylib; path = usr/lib/libz.dylib; sourceTree = SDKROOT; };
		5D473C0F1987AF1A0043680A /* QuartzCore.framework */ = {isa = PBXFileReference; lastKnownFileType = wrapper.framework; name = QuartzCore.framework; path = System/Library/Frameworks/QuartzCore.framework; sourceTree = SDKROOT; };
		5D473C111987AF250043680A /* Security.framework */ = {isa = PBXFileReference; lastKnownFileType = wrapper.framework; name = Security.framework; path = System/Library/Frameworks/Security.framework; sourceTree = SDKROOT; };
		5D473C16198B9E2B0043680A /* SDDUser.h */ = {isa = PBXFileReference; fileEncoding = 4; lastKnownFileType = sourcecode.c.h; path = SDDUser.h; sourceTree = "<group>"; };
		5D473C17198B9E2B0043680A /* SDDUser.m */ = {isa = PBXFileReference; fileEncoding = 4; lastKnownFileType = sourcecode.c.objc; path = SDDUser.m; sourceTree = "<group>"; };
		5D8404A0196E70AF00ABC26C /* SDDLocationReport.h */ = {isa = PBXFileReference; fileEncoding = 4; lastKnownFileType = sourcecode.c.h; path = SDDLocationReport.h; sourceTree = "<group>"; };
		5D8404A1196E70AF00ABC26C /* SDDLocationReport.m */ = {isa = PBXFileReference; fileEncoding = 4; lastKnownFileType = sourcecode.c.objc; path = SDDLocationReport.m; sourceTree = "<group>"; };
		5DBD2B11196DC5D500A99272 /* SuperDDTests.xctest */ = {isa = PBXFileReference; explicitFileType = wrapper.cfbundle; includeInIndex = 0; path = SuperDDTests.xctest; sourceTree = BUILT_PRODUCTS_DIR; };
		5DBD2B17196DC5D600A99272 /* SuperDDTests-Info.plist */ = {isa = PBXFileReference; lastKnownFileType = text.plist.xml; path = "SuperDDTests-Info.plist"; sourceTree = "<group>"; };
		5DBD2B19196DC5D600A99272 /* en */ = {isa = PBXFileReference; lastKnownFileType = text.plist.strings; name = en; path = en.lproj/InfoPlist.strings; sourceTree = "<group>"; };
		5DBD2B1B196DC5D600A99272 /* SuperDDTests.m */ = {isa = PBXFileReference; lastKnownFileType = sourcecode.c.objc; path = SuperDDTests.m; sourceTree = "<group>"; };
		5DBD2B1D196DC5D600A99272 /* SuperDDTests-Prefix.pch */ = {isa = PBXFileReference; lastKnownFileType = sourcecode.c.h; path = "SuperDDTests-Prefix.pch"; sourceTree = "<group>"; };
		5DBD2B25196DD22800A99272 /* published_tasks.json */ = {isa = PBXFileReference; fileEncoding = 4; lastKnownFileType = text.json; path = published_tasks.json; sourceTree = "<group>"; };
		5DBD2B27196E328200A99272 /* UIAlertView+SDD.h */ = {isa = PBXFileReference; fileEncoding = 4; lastKnownFileType = sourcecode.c.h; path = "UIAlertView+SDD.h"; sourceTree = "<group>"; };
		5DBD2B28196E328300A99272 /* UIAlertView+SDD.m */ = {isa = PBXFileReference; fileEncoding = 4; lastKnownFileType = sourcecode.c.objc; path = "UIAlertView+SDD.m"; sourceTree = "<group>"; };
		5DC6E086196D5AE200CDAF12 /* MobileCoreServices.framework */ = {isa = PBXFileReference; lastKnownFileType = wrapper.framework; name = MobileCoreServices.framework; path = System/Library/Frameworks/MobileCoreServices.framework; sourceTree = SDKROOT; };
		5DC6E088196D5AF100CDAF12 /* SystemConfiguration.framework */ = {isa = PBXFileReference; lastKnownFileType = wrapper.framework; name = SystemConfiguration.framework; path = System/Library/Frameworks/SystemConfiguration.framework; sourceTree = SDKROOT; };
		5DC6E08A196D5B0B00CDAF12 /* libPods-SuperDDTests-Kiwi.a */ = {isa = PBXFileReference; lastKnownFileType = archive.ar; name = "libPods-SuperDDTests-Kiwi.a"; path = "Pods/build/Debug-iphoneos/libPods-SuperDDTests-Kiwi.a"; sourceTree = "<group>"; };
		5DC948051966790D009DF379 /* SuperDD.app */ = {isa = PBXFileReference; explicitFileType = wrapper.application; includeInIndex = 0; path = SuperDD.app; sourceTree = BUILT_PRODUCTS_DIR; };
		5DC948081966790D009DF379 /* Foundation.framework */ = {isa = PBXFileReference; lastKnownFileType = wrapper.framework; name = Foundation.framework; path = System/Library/Frameworks/Foundation.framework; sourceTree = SDKROOT; };
		5DC9480A1966790D009DF379 /* CoreGraphics.framework */ = {isa = PBXFileReference; lastKnownFileType = wrapper.framework; name = CoreGraphics.framework; path = System/Library/Frameworks/CoreGraphics.framework; sourceTree = SDKROOT; };
		5DC9480C1966790D009DF379 /* UIKit.framework */ = {isa = PBXFileReference; lastKnownFileType = wrapper.framework; name = UIKit.framework; path = System/Library/Frameworks/UIKit.framework; sourceTree = SDKROOT; };
		5DC948101966790D009DF379 /* SuperDD-Info.plist */ = {isa = PBXFileReference; lastKnownFileType = text.plist.xml; path = "SuperDD-Info.plist"; sourceTree = "<group>"; };
		5DC948121966790D009DF379 /* en */ = {isa = PBXFileReference; lastKnownFileType = text.plist.strings; name = en; path = en.lproj/InfoPlist.strings; sourceTree = "<group>"; };
		5DC948141966790D009DF379 /* main.m */ = {isa = PBXFileReference; lastKnownFileType = sourcecode.c.objc; path = main.m; sourceTree = "<group>"; };
		5DC948161966790D009DF379 /* SuperDD-Prefix.pch */ = {isa = PBXFileReference; lastKnownFileType = sourcecode.c.h; path = "SuperDD-Prefix.pch"; sourceTree = "<group>"; };
		5DC948171966790D009DF379 /* SDDAppDelegate.h */ = {isa = PBXFileReference; lastKnownFileType = sourcecode.c.h; path = SDDAppDelegate.h; sourceTree = "<group>"; };
		5DC948181966790D009DF379 /* SDDAppDelegate.m */ = {isa = PBXFileReference; lastKnownFileType = sourcecode.c.objc; path = SDDAppDelegate.m; sourceTree = "<group>"; };
		5DC9481B1966790D009DF379 /* Base */ = {isa = PBXFileReference; lastKnownFileType = file.storyboard; name = Base; path = Base.lproj/Main.storyboard; sourceTree = "<group>"; };
		5DC9481D1966790D009DF379 /* SDDMasterViewController.h */ = {isa = PBXFileReference; lastKnownFileType = sourcecode.c.h; path = SDDMasterViewController.h; sourceTree = "<group>"; };
		5DC9481E1966790D009DF379 /* SDDMasterViewController.m */ = {isa = PBXFileReference; lastKnownFileType = sourcecode.c.objc; path = SDDMasterViewController.m; sourceTree = "<group>"; };
		5DC948201966790D009DF379 /* SDDDetailViewController.h */ = {isa = PBXFileReference; lastKnownFileType = sourcecode.c.h; path = SDDDetailViewController.h; sourceTree = "<group>"; };
		5DC948211966790D009DF379 /* SDDDetailViewController.m */ = {isa = PBXFileReference; lastKnownFileType = sourcecode.c.objc; path = SDDDetailViewController.m; sourceTree = "<group>"; };
		5DC948231966790D009DF379 /* Images.xcassets */ = {isa = PBXFileReference; lastKnownFileType = folder.assetcatalog; path = Images.xcassets; sourceTree = "<group>"; };
		5DC9482A1966790D009DF379 /* XCTest.framework */ = {isa = PBXFileReference; lastKnownFileType = wrapper.framework; name = XCTest.framework; path = Library/Frameworks/XCTest.framework; sourceTree = DEVELOPER_DIR; };
		5DC9484019668B7F009DF379 /* tasks.plist */ = {isa = PBXFileReference; fileEncoding = 4; lastKnownFileType = text.plist.xml; path = tasks.plist; sourceTree = "<group>"; };
		5DC948431966B6C3009DF379 /* SDDTask.h */ = {isa = PBXFileReference; fileEncoding = 4; lastKnownFileType = sourcecode.c.h; path = SDDTask.h; sourceTree = "<group>"; };
		5DC948441966B6C3009DF379 /* SDDTask.m */ = {isa = PBXFileReference; fileEncoding = 4; lastKnownFileType = sourcecode.c.objc; path = SDDTask.m; sourceTree = "<group>"; };
		5DE88DEE196A381A004713DF /* Settings.bundle */ = {isa = PBXFileReference; lastKnownFileType = "wrapper.plug-in"; path = Settings.bundle; sourceTree = "<group>"; };
		5DF5B128196D031500129BF4 /* published.json */ = {isa = PBXFileReference; fileEncoding = 4; lastKnownFileType = text.json; path = published.json; sourceTree = "<group>"; };
		6C7C7865EAC94F05B6AB5802 /* libPods.a */ = {isa = PBXFileReference; explicitFileType = archive.ar; includeInIndex = 0; path = libPods.a; sourceTree = BUILT_PRODUCTS_DIR; };
		9C210377BCE64D279032FE7D /* libPods-SuperDDTests.a */ = {isa = PBXFileReference; explicitFileType = archive.ar; includeInIndex = 0; path = "libPods-SuperDDTests.a"; sourceTree = BUILT_PRODUCTS_DIR; };
		E9BFA33C02AF458FA3E82141 /* Pods-SuperDDTests.xcconfig */ = {isa = PBXFileReference; includeInIndex = 1; lastKnownFileType = text.xcconfig; name = "Pods-SuperDDTests.xcconfig"; path = "Pods/Pods-SuperDDTests.xcconfig"; sourceTree = "<group>"; };
		F88CED9BEE5A4D7BA2B33D13 /* Pods.xcconfig */ = {isa = PBXFileReference; includeInIndex = 1; lastKnownFileType = text.xcconfig; name = Pods.xcconfig; path = Pods/Pods.xcconfig; sourceTree = "<group>"; };
/* End PBXFileReference section */

/* Begin PBXFrameworksBuildPhase section */
		5DBD2B0E196DC5D500A99272 /* Frameworks */ = {
			isa = PBXFrameworksBuildPhase;
			buildActionMask = 2147483647;
			files = (
				5DBD2B12196DC5D600A99272 /* XCTest.framework in Frameworks */,
				5DBD2B14196DC5D600A99272 /* UIKit.framework in Frameworks */,
				5DBD2B13196DC5D600A99272 /* Foundation.framework in Frameworks */,
				6B6162DCAB754E5493B0EE71 /* libPods-SuperDDTests.a in Frameworks */,
			);
			runOnlyForDeploymentPostprocessing = 0;
		};
		5DC948021966790D009DF379 /* Frameworks */ = {
			isa = PBXFrameworksBuildPhase;
			buildActionMask = 2147483647;
			files = (
				5D473C151987AF3E0043680A /* SystemConfiguration.framework in Frameworks */,
				5D473C121987AF250043680A /* Security.framework in Frameworks */,
				5D473C101987AF1A0043680A /* QuartzCore.framework in Frameworks */,
				5D473C0E1987AF0D0043680A /* MobileCoreServices.framework in Frameworks */,
				5D473C0D1987AF000043680A /* libz.dylib in Frameworks */,
				5D473C0B1987AEAD0043680A /* CoreLocation.framework in Frameworks */,
				5DC9480B1966790D009DF379 /* CoreGraphics.framework in Frameworks */,
				5D473C091987AE900043680A /* CFNetwork.framework in Frameworks */,
				5D473C071987AE870043680A /* AudioToolbox.framework in Frameworks */,
				5DC9480D1966790D009DF379 /* UIKit.framework in Frameworks */,
				5DC948091966790D009DF379 /* Foundation.framework in Frameworks */,
				AE9C1169FF484384B6443A9F /* libPods.a in Frameworks */,
			);
			runOnlyForDeploymentPostprocessing = 0;
		};
/* End PBXFrameworksBuildPhase section */

/* Begin PBXGroup section */
		5DBD2B15196DC5D600A99272 /* SuperDDTests */ = {
			isa = PBXGroup;
			children = (
				5DBD2B1B196DC5D600A99272 /* SuperDDTests.m */,
				5DBD2B16196DC5D600A99272 /* Supporting Files */,
			);
			path = SuperDDTests;
			sourceTree = "<group>";
		};
		5DBD2B16196DC5D600A99272 /* Supporting Files */ = {
			isa = PBXGroup;
			children = (
				5DBD2B17196DC5D600A99272 /* SuperDDTests-Info.plist */,
				5DBD2B18196DC5D600A99272 /* InfoPlist.strings */,
				5DBD2B1D196DC5D600A99272 /* SuperDDTests-Prefix.pch */,
				5DBD2B25196DD22800A99272 /* published_tasks.json */,
			);
			name = "Supporting Files";
			sourceTree = "<group>";
		};
		5DC947FC1966790D009DF379 = {
			isa = PBXGroup;
			children = (
				5DC9480E1966790D009DF379 /* SuperDD */,
				5DBD2B15196DC5D600A99272 /* SuperDDTests */,
				5DC948071966790D009DF379 /* Frameworks */,
				5DC948061966790D009DF379 /* Products */,
				F88CED9BEE5A4D7BA2B33D13 /* Pods.xcconfig */,
				E9BFA33C02AF458FA3E82141 /* Pods-SuperDDTests.xcconfig */,
			);
			sourceTree = "<group>";
		};
		5DC948061966790D009DF379 /* Products */ = {
			isa = PBXGroup;
			children = (
				5DC948051966790D009DF379 /* SuperDD.app */,
				5DBD2B11196DC5D500A99272 /* SuperDDTests.xctest */,
			);
			name = Products;
			sourceTree = "<group>";
		};
		5DC948071966790D009DF379 /* Frameworks */ = {
			isa = PBXGroup;
			children = (
				5D473C111987AF250043680A /* Security.framework */,
				5D473C0F1987AF1A0043680A /* QuartzCore.framework */,
				5D473C0C1987AF000043680A /* libz.dylib */,
				5D473C0A1987AEAD0043680A /* CoreLocation.framework */,
				5D473C081987AE900043680A /* CFNetwork.framework */,
				5D473C061987AE870043680A /* AudioToolbox.framework */,
				5DC6E08A196D5B0B00CDAF12 /* libPods-SuperDDTests-Kiwi.a */,
				5DC6E088196D5AF100CDAF12 /* SystemConfiguration.framework */,
				5DC6E086196D5AE200CDAF12 /* MobileCoreServices.framework */,
				5DC948081966790D009DF379 /* Foundation.framework */,
				5DC9480A1966790D009DF379 /* CoreGraphics.framework */,
				5DC9480C1966790D009DF379 /* UIKit.framework */,
				5DC9482A1966790D009DF379 /* XCTest.framework */,
				6C7C7865EAC94F05B6AB5802 /* libPods.a */,
				9C210377BCE64D279032FE7D /* libPods-SuperDDTests.a */,
			);
			name = Frameworks;
			sourceTree = "<group>";
		};
		5DC9480E1966790D009DF379 /* SuperDD */ = {
			isa = PBXGroup;
			children = (
				5DC948421966B40B009DF379 /* Model */,
				5DC948171966790D009DF379 /* SDDAppDelegate.h */,
				5DC948181966790D009DF379 /* SDDAppDelegate.m */,
				5DC9481A1966790D009DF379 /* Main.storyboard */,
				5DC9481D1966790D009DF379 /* SDDMasterViewController.h */,
				5DC9481E1966790D009DF379 /* SDDMasterViewController.m */,
				5DC948201966790D009DF379 /* SDDDetailViewController.h */,
				5DC948211966790D009DF379 /* SDDDetailViewController.m */,
				5DC948231966790D009DF379 /* Images.xcassets */,
				5DC9480F1966790D009DF379 /* Supporting Files */,
				5DBD2B27196E328200A99272 /* UIAlertView+SDD.h */,
				5DBD2B28196E328300A99272 /* UIAlertView+SDD.m */,
			);
			path = SuperDD;
			sourceTree = "<group>";
		};
		5DC9480F1966790D009DF379 /* Supporting Files */ = {
			isa = PBXGroup;
			children = (
				5DC948101966790D009DF379 /* SuperDD-Info.plist */,
				5DC948111966790D009DF379 /* InfoPlist.strings */,
				5DC948141966790D009DF379 /* main.m */,
				5DC948161966790D009DF379 /* SuperDD-Prefix.pch */,
				5DC9484019668B7F009DF379 /* tasks.plist */,
				5D3C80A819686E27003B9E65 /* tasksForTest.plist */,
				5DE88DEE196A381A004713DF /* Settings.bundle */,
				5DF5B128196D031500129BF4 /* published.json */,
			);
			name = "Supporting Files";
			sourceTree = "<group>";
		};
		5DC948421966B40B009DF379 /* Model */ = {
			isa = PBXGroup;
			children = (
				5DC948431966B6C3009DF379 /* SDDTask.h */,
				5DC948441966B6C3009DF379 /* SDDTask.m */,
				5D8404A0196E70AF00ABC26C /* SDDLocationReport.h */,
				5D8404A1196E70AF00ABC26C /* SDDLocationReport.m */,
				5D473C16198B9E2B0043680A /* SDDUser.h */,
				5D473C17198B9E2B0043680A /* SDDUser.m */,
			);
			name = Model;
			sourceTree = "<group>";
		};
/* End PBXGroup section */

/* Begin PBXNativeTarget section */
		5DBD2B10196DC5D500A99272 /* SuperDDTests */ = {
			isa = PBXNativeTarget;
			buildConfigurationList = 5DBD2B20196DC5D600A99272 /* Build configuration list for PBXNativeTarget "SuperDDTests" */;
			buildPhases = (
				AA00A7045BCF40F89B4999FF /* Check Pods Manifest.lock */,
				5DBD2B0D196DC5D500A99272 /* Sources */,
				5DBD2B0E196DC5D500A99272 /* Frameworks */,
				5DBD2B0F196DC5D500A99272 /* Resources */,
				3011515D47E14B12888DBBDB /* Copy Pods Resources */,
			);
			buildRules = (
			);
			dependencies = (
				5DBD2B1F196DC5D600A99272 /* PBXTargetDependency */,
			);
			name = SuperDDTests;
			productName = SuperDDTests;
			productReference = 5DBD2B11196DC5D500A99272 /* SuperDDTests.xctest */;
			productType = "com.apple.product-type.bundle.unit-test";
		};
		5DC948041966790D009DF379 /* SuperDD */ = {
			isa = PBXNativeTarget;
			buildConfigurationList = 5DC9483A1966790D009DF379 /* Build configuration list for PBXNativeTarget "SuperDD" */;
			buildPhases = (
				4A015150AC8F43E98912F4A6 /* Check Pods Manifest.lock */,
				5DC948011966790D009DF379 /* Sources */,
				5DC948021966790D009DF379 /* Frameworks */,
				5DC948031966790D009DF379 /* Resources */,
				B070C6C22A5642FEB8F30850 /* Copy Pods Resources */,
			);
			buildRules = (
			);
			dependencies = (
			);
			name = SuperDD;
			productName = SuperDD;
			productReference = 5DC948051966790D009DF379 /* SuperDD.app */;
			productType = "com.apple.product-type.application";
		};
/* End PBXNativeTarget section */

/* Begin PBXProject section */
		5DC947FD1966790D009DF379 /* Project object */ = {
			isa = PBXProject;
			attributes = {
				CLASSPREFIX = SDD;
				LastUpgradeCheck = 0510;
				ORGANIZATIONNAME = Georepublic;
				TargetAttributes = {
					5DBD2B10196DC5D500A99272 = {
						TestTargetID = 5DC948041966790D009DF379;
					};
					5DC948041966790D009DF379 = {
						DevelopmentTeam = 6634UJ78TD;
						SystemCapabilities = {
							com.apple.BackgroundModes = {
								enabled = 1;
							};
							com.apple.InAppPurchase = {
								enabled = 0;
							};
						};
					};
				};
			};
			buildConfigurationList = 5DC948001966790D009DF379 /* Build configuration list for PBXProject "SuperDD" */;
			compatibilityVersion = "Xcode 3.2";
			developmentRegion = English;
			hasScannedForEncodings = 0;
			knownRegions = (
				en,
				Base,
			);
			mainGroup = 5DC947FC1966790D009DF379;
			productRefGroup = 5DC948061966790D009DF379 /* Products */;
			projectDirPath = "";
			projectRoot = "";
			targets = (
				5DC948041966790D009DF379 /* SuperDD */,
				5DBD2B10196DC5D500A99272 /* SuperDDTests */,
			);
		};
/* End PBXProject section */

/* Begin PBXResourcesBuildPhase section */
		5DBD2B0F196DC5D500A99272 /* Resources */ = {
			isa = PBXResourcesBuildPhase;
			buildActionMask = 2147483647;
			files = (
				5DBD2B1A196DC5D600A99272 /* InfoPlist.strings in Resources */,
				5DBD2B26196DD22800A99272 /* published_tasks.json in Resources */,
			);
			runOnlyForDeploymentPostprocessing = 0;
		};
		5DC948031966790D009DF379 /* Resources */ = {
			isa = PBXResourcesBuildPhase;
			buildActionMask = 2147483647;
			files = (
				5DC948241966790D009DF379 /* Images.xcassets in Resources */,
				5DC948131966790D009DF379 /* InfoPlist.strings in Resources */,
				5DC9481C1966790D009DF379 /* Main.storyboard in Resources */,
				5DF5B129196D031500129BF4 /* published.json in Resources */,
				5D3C80A919686E27003B9E65 /* tasksForTest.plist in Resources */,
				5DE88DEF196A381A004713DF /* Settings.bundle in Resources */,
				5DC9484119668B7F009DF379 /* tasks.plist in Resources */,
			);
			runOnlyForDeploymentPostprocessing = 0;
		};
/* End PBXResourcesBuildPhase section */

/* Begin PBXShellScriptBuildPhase section */
		3011515D47E14B12888DBBDB /* Copy Pods Resources */ = {
			isa = PBXShellScriptBuildPhase;
			buildActionMask = 2147483647;
			files = (
			);
			inputPaths = (
			);
			name = "Copy Pods Resources";
			outputPaths = (
			);
			runOnlyForDeploymentPostprocessing = 0;
			shellPath = /bin/sh;
			shellScript = "\"${SRCROOT}/Pods/Pods-SuperDDTests-resources.sh\"\n";
			showEnvVarsInLog = 0;
		};
		4A015150AC8F43E98912F4A6 /* Check Pods Manifest.lock */ = {
			isa = PBXShellScriptBuildPhase;
			buildActionMask = 2147483647;
			files = (
			);
			inputPaths = (
			);
			name = "Check Pods Manifest.lock";
			outputPaths = (
			);
			runOnlyForDeploymentPostprocessing = 0;
			shellPath = /bin/sh;
			shellScript = "diff \"${PODS_ROOT}/../Podfile.lock\" \"${PODS_ROOT}/Manifest.lock\" > /dev/null\nif [[ $? != 0 ]] ; then\n    cat << EOM\nerror: The sandbox is not in sync with the Podfile.lock. Run 'pod install' or update your CocoaPods installation.\nEOM\n    exit 1\nfi\n";
			showEnvVarsInLog = 0;
		};
		AA00A7045BCF40F89B4999FF /* Check Pods Manifest.lock */ = {
			isa = PBXShellScriptBuildPhase;
			buildActionMask = 2147483647;
			files = (
			);
			inputPaths = (
			);
			name = "Check Pods Manifest.lock";
			outputPaths = (
			);
			runOnlyForDeploymentPostprocessing = 0;
			shellPath = /bin/sh;
			shellScript = "diff \"${PODS_ROOT}/../Podfile.lock\" \"${PODS_ROOT}/Manifest.lock\" > /dev/null\nif [[ $? != 0 ]] ; then\n    cat << EOM\nerror: The sandbox is not in sync with the Podfile.lock. Run 'pod install' or update your CocoaPods installation.\nEOM\n    exit 1\nfi\n";
			showEnvVarsInLog = 0;
		};
		B070C6C22A5642FEB8F30850 /* Copy Pods Resources */ = {
			isa = PBXShellScriptBuildPhase;
			buildActionMask = 2147483647;
			files = (
			);
			inputPaths = (
			);
			name = "Copy Pods Resources";
			outputPaths = (
			);
			runOnlyForDeploymentPostprocessing = 0;
			shellPath = /bin/sh;
			shellScript = "\"${SRCROOT}/Pods/Pods-resources.sh\"\n";
			showEnvVarsInLog = 0;
		};
/* End PBXShellScriptBuildPhase section */

/* Begin PBXSourcesBuildPhase section */
		5DBD2B0D196DC5D500A99272 /* Sources */ = {
			isa = PBXSourcesBuildPhase;
			buildActionMask = 2147483647;
			files = (
				5DBD2B1C196DC5D600A99272 /* SuperDDTests.m in Sources */,
			);
			runOnlyForDeploymentPostprocessing = 0;
		};
		5DC948011966790D009DF379 /* Sources */ = {
			isa = PBXSourcesBuildPhase;
			buildActionMask = 2147483647;
			files = (
				5DC948191966790D009DF379 /* SDDAppDelegate.m in Sources */,
				5D8404A2196E70AF00ABC26C /* SDDLocationReport.m in Sources */,
				5DC948221966790D009DF379 /* SDDDetailViewController.m in Sources */,
				5DC948151966790D009DF379 /* main.m in Sources */,
				5DC948451966B6C3009DF379 /* SDDTask.m in Sources */,
				5DC9481F1966790D009DF379 /* SDDMasterViewController.m in Sources */,
				5D473C18198B9E2B0043680A /* SDDUser.m in Sources */,
				5DBD2B29196E328300A99272 /* UIAlertView+SDD.m in Sources */,
			);
			runOnlyForDeploymentPostprocessing = 0;
		};
/* End PBXSourcesBuildPhase section */

/* Begin PBXTargetDependency section */
		5DBD2B1F196DC5D600A99272 /* PBXTargetDependency */ = {
			isa = PBXTargetDependency;
			target = 5DC948041966790D009DF379 /* SuperDD */;
			targetProxy = 5DBD2B1E196DC5D600A99272 /* PBXContainerItemProxy */;
		};
/* End PBXTargetDependency section */

/* Begin PBXVariantGroup section */
		5DBD2B18196DC5D600A99272 /* InfoPlist.strings */ = {
			isa = PBXVariantGroup;
			children = (
				5DBD2B19196DC5D600A99272 /* en */,
			);
			name = InfoPlist.strings;
			sourceTree = "<group>";
		};
		5DC948111966790D009DF379 /* InfoPlist.strings */ = {
			isa = PBXVariantGroup;
			children = (
				5DC948121966790D009DF379 /* en */,
			);
			name = InfoPlist.strings;
			sourceTree = "<group>";
		};
		5DC9481A1966790D009DF379 /* Main.storyboard */ = {
			isa = PBXVariantGroup;
			children = (
				5DC9481B1966790D009DF379 /* Base */,
			);
			name = Main.storyboard;
			sourceTree = "<group>";
		};
/* End PBXVariantGroup section */

/* Begin XCBuildConfiguration section */
		5DBD2B21196DC5D600A99272 /* Debug */ = {
			isa = XCBuildConfiguration;
			baseConfigurationReference = E9BFA33C02AF458FA3E82141 /* Pods-SuperDDTests.xcconfig */;
			buildSettings = {
				BUNDLE_LOADER = "$(BUILT_PRODUCTS_DIR)/SuperDD.app/SuperDD";
				FRAMEWORK_SEARCH_PATHS = (
					"$(SDKROOT)/Developer/Library/Frameworks",
					"$(inherited)",
					"$(DEVELOPER_FRAMEWORKS_DIR)",
				);
				GCC_PRECOMPILE_PREFIX_HEADER = YES;
				GCC_PREFIX_HEADER = "SuperDDTests/SuperDDTests-Prefix.pch";
				GCC_PREPROCESSOR_DEFINITIONS = (
					"DEBUG=1",
					"$(inherited)",
				);
				INFOPLIST_FILE = "SuperDDTests/SuperDDTests-Info.plist";
				PRODUCT_NAME = "$(TARGET_NAME)";
				TEST_HOST = "$(BUNDLE_LOADER)";
				WRAPPER_EXTENSION = xctest;
			};
			name = Debug;
		};
		5DBD2B22196DC5D600A99272 /* Release */ = {
			isa = XCBuildConfiguration;
			baseConfigurationReference = E9BFA33C02AF458FA3E82141 /* Pods-SuperDDTests.xcconfig */;
			buildSettings = {
				BUNDLE_LOADER = "$(BUILT_PRODUCTS_DIR)/SuperDD.app/SuperDD";
				FRAMEWORK_SEARCH_PATHS = (
					"$(SDKROOT)/Developer/Library/Frameworks",
					"$(inherited)",
					"$(DEVELOPER_FRAMEWORKS_DIR)",
				);
				GCC_PRECOMPILE_PREFIX_HEADER = YES;
				GCC_PREFIX_HEADER = "SuperDDTests/SuperDDTests-Prefix.pch";
				INFOPLIST_FILE = "SuperDDTests/SuperDDTests-Info.plist";
				PRODUCT_NAME = "$(TARGET_NAME)";
				TEST_HOST = "$(BUNDLE_LOADER)";
				WRAPPER_EXTENSION = xctest;
			};
			name = Release;
		};
		5DC948381966790D009DF379 /* Debug */ = {
			isa = XCBuildConfiguration;
			buildSettings = {
				ALWAYS_SEARCH_USER_PATHS = NO;
				CLANG_CXX_LANGUAGE_STANDARD = "gnu++0x";
				CLANG_CXX_LIBRARY = "libc++";
				CLANG_ENABLE_MODULES = YES;
				CLANG_ENABLE_OBJC_ARC = YES;
				CLANG_WARN_BOOL_CONVERSION = YES;
				CLANG_WARN_CONSTANT_CONVERSION = YES;
				CLANG_WARN_DIRECT_OBJC_ISA_USAGE = YES_ERROR;
				CLANG_WARN_EMPTY_BODY = YES;
				CLANG_WARN_ENUM_CONVERSION = YES;
				CLANG_WARN_INT_CONVERSION = YES;
				CLANG_WARN_OBJC_ROOT_CLASS = YES_ERROR;
				CLANG_WARN__DUPLICATE_METHOD_MATCH = YES;
				CODE_SIGN_IDENTITY = "iPhone Developer: Shiro Nohara (VB3B6UW79G)";
				"CODE_SIGN_IDENTITY[sdk=iphoneos*]" = "iPhone Developer: Shiro Nohara (VB3B6UW79G)";
				COPY_PHASE_STRIP = NO;
				GCC_C_LANGUAGE_STANDARD = gnu99;
				GCC_DYNAMIC_NO_PIC = NO;
				GCC_OPTIMIZATION_LEVEL = 0;
				GCC_PREPROCESSOR_DEFINITIONS = (
					"DEBUG=1",
					"$(inherited)",
				);
				GCC_SYMBOLS_PRIVATE_EXTERN = NO;
				GCC_WARN_64_TO_32_BIT_CONVERSION = YES;
				GCC_WARN_ABOUT_RETURN_TYPE = YES_ERROR;
				GCC_WARN_UNDECLARED_SELECTOR = YES;
				GCC_WARN_UNINITIALIZED_AUTOS = YES_AGGRESSIVE;
				GCC_WARN_UNUSED_FUNCTION = YES;
				GCC_WARN_UNUSED_VARIABLE = YES;
				IPHONEOS_DEPLOYMENT_TARGET = 7.1;
				ONLY_ACTIVE_ARCH = YES;
				SDKROOT = iphoneos;
				TARGETED_DEVICE_FAMILY = 2;
			};
			name = Debug;
		};
		5DC948391966790D009DF379 /* Release */ = {
			isa = XCBuildConfiguration;
			buildSettings = {
				ALWAYS_SEARCH_USER_PATHS = NO;
				CLANG_CXX_LANGUAGE_STANDARD = "gnu++0x";
				CLANG_CXX_LIBRARY = "libc++";
				CLANG_ENABLE_MODULES = YES;
				CLANG_ENABLE_OBJC_ARC = YES;
				CLANG_WARN_BOOL_CONVERSION = YES;
				CLANG_WARN_CONSTANT_CONVERSION = YES;
				CLANG_WARN_DIRECT_OBJC_ISA_USAGE = YES_ERROR;
				CLANG_WARN_EMPTY_BODY = YES;
				CLANG_WARN_ENUM_CONVERSION = YES;
				CLANG_WARN_INT_CONVERSION = YES;
				CLANG_WARN_OBJC_ROOT_CLASS = YES_ERROR;
				CLANG_WARN__DUPLICATE_METHOD_MATCH = YES;
				CODE_SIGN_IDENTITY = "";
				"CODE_SIGN_IDENTITY[sdk=iphoneos*]" = "";
				COPY_PHASE_STRIP = YES;
				ENABLE_NS_ASSERTIONS = NO;
				GCC_C_LANGUAGE_STANDARD = gnu99;
				GCC_WARN_64_TO_32_BIT_CONVERSION = YES;
				GCC_WARN_ABOUT_RETURN_TYPE = YES_ERROR;
				GCC_WARN_UNDECLARED_SELECTOR = YES;
				GCC_WARN_UNINITIALIZED_AUTOS = YES_AGGRESSIVE;
				GCC_WARN_UNUSED_FUNCTION = YES;
				GCC_WARN_UNUSED_VARIABLE = YES;
				IPHONEOS_DEPLOYMENT_TARGET = 7.1;
				SDKROOT = iphoneos;
				TARGETED_DEVICE_FAMILY = 2;
				VALIDATE_PRODUCT = YES;
			};
			name = Release;
		};
		5DC9483B1966790D009DF379 /* Debug */ = {
			isa = XCBuildConfiguration;
			baseConfigurationReference = F88CED9BEE5A4D7BA2B33D13 /* Pods.xcconfig */;
			buildSettings = {
				ASSETCATALOG_COMPILER_APPICON_NAME = AppIcon;
				ASSETCATALOG_COMPILER_LAUNCHIMAGE_NAME = LaunchImage;
				CODE_SIGN_IDENTITY = "iPhone Developer: Shiro Nohara (VB3B6UW79G)";
				"CODE_SIGN_IDENTITY[sdk=iphoneos*]" = "iPhone Developer: Shiro Nohara (WDY6P9F5A2)";
				GCC_PRECOMPILE_PREFIX_HEADER = YES;
				GCC_PREFIX_HEADER = "SuperDD/SuperDD-Prefix.pch";
				INFOPLIST_FILE = "SuperDD/SuperDD-Info.plist";
				PRODUCT_NAME = "$(TARGET_NAME)";
				PROVISIONING_PROFILE = "3952CC16-E0C8-4655-88F2-0ED36CE0A48E";
				WRAPPER_EXTENSION = app;
			};
			name = Debug;
		};
		5DC9483C1966790D009DF379 /* Release */ = {
			isa = XCBuildConfiguration;
			baseConfigurationReference = F88CED9BEE5A4D7BA2B33D13 /* Pods.xcconfig */;
			buildSettings = {
				ASSETCATALOG_COMPILER_APPICON_NAME = AppIcon;
				ASSETCATALOG_COMPILER_LAUNCHIMAGE_NAME = LaunchImage;
				CODE_SIGN_IDENTITY = "";
				"CODE_SIGN_IDENTITY[sdk=iphoneos*]" = "";
				GCC_PRECOMPILE_PREFIX_HEADER = YES;
				GCC_PREFIX_HEADER = "SuperDD/SuperDD-Prefix.pch";
				INFOPLIST_FILE = "SuperDD/SuperDD-Info.plist";
				PRODUCT_NAME = "$(TARGET_NAME)";
				PROVISIONING_PROFILE = "3952CC16-E0C8-4655-88F2-0ED36CE0A48E";
				WRAPPER_EXTENSION = app;
			};
			name = Release;
		};
/* End XCBuildConfiguration section */

/* Begin XCConfigurationList section */
		5DBD2B20196DC5D600A99272 /* Build configuration list for PBXNativeTarget "SuperDDTests" */ = {
			isa = XCConfigurationList;
			buildConfigurations = (
				5DBD2B21196DC5D600A99272 /* Debug */,
				5DBD2B22196DC5D600A99272 /* Release */,
			);
			defaultConfigurationIsVisible = 0;
			defaultConfigurationName = Release;
		};
		5DC948001966790D009DF379 /* Build configuration list for PBXProject "SuperDD" */ = {
			isa = XCConfigurationList;
			buildConfigurations = (
				5DC948381966790D009DF379 /* Debug */,
				5DC948391966790D009DF379 /* Release */,
			);
			defaultConfigurationIsVisible = 0;
			defaultConfigurationName = Release;
		};
		5DC9483A1966790D009DF379 /* Build configuration list for PBXNativeTarget "SuperDD" */ = {
			isa = XCConfigurationList;
			buildConfigurations = (
				5DC9483B1966790D009DF379 /* Debug */,
				5DC9483C1966790D009DF379 /* Release */,
			);
			defaultConfigurationIsVisible = 0;
			defaultConfigurationName = Release;
		};
/* End XCConfigurationList section */
	};
	rootObject = 5DC947FD1966790D009DF379 /* Project object */;
}
